// !$*UTF8*$!
{
	archiveVersion = 1;
	classes = {
	};
	objectVersion = 56;
	objects = {

/* Begin PBXBuildFile section */
		C5036EE42C190AFD0001B832 /* FirebaseAuth in Frameworks */ = {isa = PBXBuildFile; productRef = C5036EE32C190AFD0001B832 /* FirebaseAuth */; };
		C5036EE62C190B050001B832 /* FirebaseStorage in Frameworks */ = {isa = PBXBuildFile; productRef = C5036EE52C190B050001B832 /* FirebaseStorage */; };
		C5036EE82C190B0E0001B832 /* FirebaseDatabase in Frameworks */ = {isa = PBXBuildFile; productRef = C5036EE72C190B0E0001B832 /* FirebaseDatabase */; };
		C5036EEA2C190B110001B832 /* FirebaseFirestore in Frameworks */ = {isa = PBXBuildFile; productRef = C5036EE92C190B110001B832 /* FirebaseFirestore */; };
		C5036EEC2C190B190001B832 /* FirebaseFirestoreSwift in Frameworks */ = {isa = PBXBuildFile; productRef = C5036EEB2C190B190001B832 /* FirebaseFirestoreSwift */; };
		C5036EEE2C190B210001B832 /* FirebaseMessaging in Frameworks */ = {isa = PBXBuildFile; productRef = C5036EED2C190B210001B832 /* FirebaseMessaging */; };
		C5036EF02C190B270001B832 /* FirebaseFirestoreCombine-Community in Frameworks */ = {isa = PBXBuildFile; productRef = C5036EEF2C190B270001B832 /* FirebaseFirestoreCombine-Community */; };
		C5036EF22C190B300001B832 /* FirebaseStorageCombine-Community in Frameworks */ = {isa = PBXBuildFile; productRef = C5036EF12C190B300001B832 /* FirebaseStorageCombine-Community */; };
		C5036EF42C190B3C0001B832 /* FirebaseAuthCombine-Community in Frameworks */ = {isa = PBXBuildFile; productRef = C5036EF32C190B3C0001B832 /* FirebaseAuthCombine-Community */; };
		C5CF6CCF2BEFC2F700D0056C /* AppDelegate.swift in Sources */ = {isa = PBXBuildFile; fileRef = C5CF6CCE2BEFC2F700D0056C /* AppDelegate.swift */; };
		C5CF6CD12BEFC2F700D0056C /* SceneDelegate.swift in Sources */ = {isa = PBXBuildFile; fileRef = C5CF6CD02BEFC2F700D0056C /* SceneDelegate.swift */; };
		C5CF6CD32BEFC2F700D0056C /* Anasayfa.swift in Sources */ = {isa = PBXBuildFile; fileRef = C5CF6CD22BEFC2F700D0056C /* Anasayfa.swift */; };
		C5CF6CD62BEFC2F700D0056C /* Main.storyboard in Resources */ = {isa = PBXBuildFile; fileRef = C5CF6CD42BEFC2F700D0056C /* Main.storyboard */; };
		C5CF6CD82BEFC2F800D0056C /* Assets.xcassets in Resources */ = {isa = PBXBuildFile; fileRef = C5CF6CD72BEFC2F800D0056C /* Assets.xcassets */; };
		C5CF6CDB2BEFC2F800D0056C /* LaunchScreen.storyboard in Resources */ = {isa = PBXBuildFile; fileRef = C5CF6CD92BEFC2F800D0056C /* LaunchScreen.storyboard */; };
		C5CF6CE32BEFFDF200D0056C /* HesapSayfası.swift in Sources */ = {isa = PBXBuildFile; fileRef = C5CF6CE22BEFFDF200D0056C /* HesapSayfası.swift */; };
		C5CF6CE72BEFFE5E00D0056C /* Sepetim.swift in Sources */ = {isa = PBXBuildFile; fileRef = C5CF6CE62BEFFE5E00D0056C /* Sepetim.swift */; };
		C5CF6CE92BEFFE7800D0056C /* DetaySayfasi.swift in Sources */ = {isa = PBXBuildFile; fileRef = C5CF6CE82BEFFE7800D0056C /* DetaySayfasi.swift */; };
		C5CF6CEB2BF00C7B00D0056C /* KategorilerHucre.swift in Sources */ = {isa = PBXBuildFile; fileRef = C5CF6CEA2BF00C7B00D0056C /* KategorilerHucre.swift */; };
		C5EAD9C92C1A270400E049B5 /* Kategoriler.swift in Sources */ = {isa = PBXBuildFile; fileRef = C5EAD9C82C1A270400E049B5 /* Kategoriler.swift */; };
		C5EAD9CE2C1A339000E049B5 /* Urunler.swift in Sources */ = {isa = PBXBuildFile; fileRef = C5EAD9CD2C1A339000E049B5 /* Urunler.swift */; };
		C5EAD9D12C1A38FE00E049B5 /* UrunlerHucre.swift in Sources */ = {isa = PBXBuildFile; fileRef = C5EAD9D02C1A38FE00E049B5 /* UrunlerHucre.swift */; };
		C5EAD9D72C1A44DB00E049B5 /* Shopping.swift in Sources */ = {isa = PBXBuildFile; fileRef = C5EAD9D62C1A44DB00E049B5 /* Shopping.swift */; };
		F9EB34EC2BFDDBD5000FC233 /* GoogleService-Info.plist in Resources */ = {isa = PBXBuildFile; fileRef = F9EB34EB2BFDDBD5000FC233 /* GoogleService-Info.plist */; };
		F9EB35032BFDF1C5000FC233 /* girisYap.swift in Sources */ = {isa = PBXBuildFile; fileRef = F9EB35022BFDF1C5000FC233 /* girisYap.swift */; };
		F9EB35052BFDF2BF000FC233 /* kayitOl.swift in Sources */ = {isa = PBXBuildFile; fileRef = F9EB35042BFDF2BF000FC233 /* kayitOl.swift */; };
/* End PBXBuildFile section */

/* Begin PBXFileReference section */
		C5CF6CCB2BEFC2F700D0056C /* ShoppingApp.app */ = {isa = PBXFileReference; explicitFileType = wrapper.application; includeInIndex = 0; path = ShoppingApp.app; sourceTree = BUILT_PRODUCTS_DIR; };
		C5CF6CCE2BEFC2F700D0056C /* AppDelegate.swift */ = {isa = PBXFileReference; lastKnownFileType = sourcecode.swift; path = AppDelegate.swift; sourceTree = "<group>"; };
		C5CF6CD02BEFC2F700D0056C /* SceneDelegate.swift */ = {isa = PBXFileReference; lastKnownFileType = sourcecode.swift; path = SceneDelegate.swift; sourceTree = "<group>"; };
		C5CF6CD22BEFC2F700D0056C /* Anasayfa.swift */ = {isa = PBXFileReference; lastKnownFileType = sourcecode.swift; path = Anasayfa.swift; sourceTree = "<group>"; };
		C5CF6CD52BEFC2F700D0056C /* Base */ = {isa = PBXFileReference; lastKnownFileType = file.storyboard; name = Base; path = Base.lproj/Main.storyboard; sourceTree = "<group>"; };
		C5CF6CD72BEFC2F800D0056C /* Assets.xcassets */ = {isa = PBXFileReference; lastKnownFileType = folder.assetcatalog; path = Assets.xcassets; sourceTree = "<group>"; };
		C5CF6CDA2BEFC2F800D0056C /* Base */ = {isa = PBXFileReference; lastKnownFileType = file.storyboard; name = Base; path = Base.lproj/LaunchScreen.storyboard; sourceTree = "<group>"; };
		C5CF6CDC2BEFC2F800D0056C /* Info.plist */ = {isa = PBXFileReference; lastKnownFileType = text.plist.xml; path = Info.plist; sourceTree = "<group>"; };
		C5CF6CE22BEFFDF200D0056C /* HesapSayfası.swift */ = {isa = PBXFileReference; lastKnownFileType = sourcecode.swift; path = "HesapSayfası.swift"; sourceTree = "<group>"; };
		C5CF6CE62BEFFE5E00D0056C /* Sepetim.swift */ = {isa = PBXFileReference; lastKnownFileType = sourcecode.swift; path = Sepetim.swift; sourceTree = "<group>"; };
		C5CF6CE82BEFFE7800D0056C /* DetaySayfasi.swift */ = {isa = PBXFileReference; lastKnownFileType = sourcecode.swift; path = DetaySayfasi.swift; sourceTree = "<group>"; };
		C5CF6CEA2BF00C7B00D0056C /* KategorilerHucre.swift */ = {isa = PBXFileReference; lastKnownFileType = sourcecode.swift; path = KategorilerHucre.swift; sourceTree = "<group>"; };
		C5EAD9C82C1A270400E049B5 /* Kategoriler.swift */ = {isa = PBXFileReference; lastKnownFileType = sourcecode.swift; path = Kategoriler.swift; sourceTree = "<group>"; };
		C5EAD9CD2C1A339000E049B5 /* Urunler.swift */ = {isa = PBXFileReference; lastKnownFileType = sourcecode.swift; path = Urunler.swift; sourceTree = "<group>"; };
		C5EAD9D02C1A38FE00E049B5 /* UrunlerHucre.swift */ = {isa = PBXFileReference; lastKnownFileType = sourcecode.swift; path = UrunlerHucre.swift; sourceTree = "<group>"; };
		C5EAD9D62C1A44DB00E049B5 /* Shopping.swift */ = {isa = PBXFileReference; lastKnownFileType = sourcecode.swift; path = Shopping.swift; sourceTree = "<group>"; };
		F9EB34EB2BFDDBD5000FC233 /* GoogleService-Info.plist */ = {isa = PBXFileReference; fileEncoding = 4; lastKnownFileType = text.plist.xml; path = "GoogleService-Info.plist"; sourceTree = "<group>"; };
		F9EB35022BFDF1C5000FC233 /* girisYap.swift */ = {isa = PBXFileReference; lastKnownFileType = sourcecode.swift; path = girisYap.swift; sourceTree = "<group>"; };
		F9EB35042BFDF2BF000FC233 /* kayitOl.swift */ = {isa = PBXFileReference; lastKnownFileType = sourcecode.swift; path = kayitOl.swift; sourceTree = "<group>"; };
/* End PBXFileReference section */

/* Begin PBXFrameworksBuildPhase section */
		C5CF6CC82BEFC2F700D0056C /* Frameworks */ = {
			isa = PBXFrameworksBuildPhase;
			buildActionMask = 2147483647;
			files = (
				C5036EEE2C190B210001B832 /* FirebaseMessaging in Frameworks */,
				C5036EF42C190B3C0001B832 /* FirebaseAuthCombine-Community in Frameworks */,
				C5036EEC2C190B190001B832 /* FirebaseFirestoreSwift in Frameworks */,
				C5036EF22C190B300001B832 /* FirebaseStorageCombine-Community in Frameworks */,
				C5036EE82C190B0E0001B832 /* FirebaseDatabase in Frameworks */,
				C5036EEA2C190B110001B832 /* FirebaseFirestore in Frameworks */,
				C5036EE42C190AFD0001B832 /* FirebaseAuth in Frameworks */,
				C5036EE62C190B050001B832 /* FirebaseStorage in Frameworks */,
				C5036EF02C190B270001B832 /* FirebaseFirestoreCombine-Community in Frameworks */,
			);
			runOnlyForDeploymentPostprocessing = 0;
		};
/* End PBXFrameworksBuildPhase section */

/* Begin PBXGroup section */
		C5036EE22C190AFD0001B832 /* Frameworks */ = {
			isa = PBXGroup;
			children = (
			);
			name = Frameworks;
			sourceTree = "<group>";
		};
		C5CF6CC22BEFC2F700D0056C = {
			isa = PBXGroup;
			children = (
				C5CF6CCD2BEFC2F700D0056C /* ShoppingApp */,
				C5CF6CCC2BEFC2F700D0056C /* Products */,
				C5036EE22C190AFD0001B832 /* Frameworks */,
			);
			sourceTree = "<group>";
		};
		C5CF6CCC2BEFC2F700D0056C /* Products */ = {
			isa = PBXGroup;
			children = (
				C5CF6CCB2BEFC2F700D0056C /* ShoppingApp.app */,
			);
			name = Products;
			sourceTree = "<group>";
		};
		C5CF6CCD2BEFC2F700D0056C /* ShoppingApp */ = {
			isa = PBXGroup;
			children = (
				C5EAD9C72C1A23E100E049B5 /* Hesap */,
				C5CF6CCE2BEFC2F700D0056C /* AppDelegate.swift */,
				C5CF6CD02BEFC2F700D0056C /* SceneDelegate.swift */,
				C5EAD9CB2C1A337900E049B5 /* data */,
				C5EAD9CA2C1A337200E049B5 /* UI */,
				C5CF6CE62BEFFE5E00D0056C /* Sepetim.swift */,
				C5CF6CD42BEFC2F700D0056C /* Main.storyboard */,
				C5CF6CD72BEFC2F800D0056C /* Assets.xcassets */,
				C5CF6CD92BEFC2F800D0056C /* LaunchScreen.storyboard */,
				C5CF6CDC2BEFC2F800D0056C /* Info.plist */,
				F9EB34EB2BFDDBD5000FC233 /* GoogleService-Info.plist */,
			);
			path = ShoppingApp;
			sourceTree = "<group>";
		};
		C5EAD9C72C1A23E100E049B5 /* Hesap */ = {
			isa = PBXGroup;
			children = (
				F9EB35042BFDF2BF000FC233 /* kayitOl.swift */,
				F9EB35022BFDF1C5000FC233 /* girisYap.swift */,
				C5CF6CE22BEFFDF200D0056C /* HesapSayfası.swift */,
			);
			path = Hesap;
			sourceTree = "<group>";
		};
		C5EAD9CA2C1A337200E049B5 /* UI */ = {
			isa = PBXGroup;
			children = (
				C5EAD9CF2C1A38C100E049B5 /* tableview */,
				C5CF6CE82BEFFE7800D0056C /* DetaySayfasi.swift */,
				C5CF6CD22BEFC2F700D0056C /* Anasayfa.swift */,
				C5EAD9D62C1A44DB00E049B5 /* Shopping.swift */,
			);
			path = UI;
			sourceTree = "<group>";
		};
		C5EAD9CB2C1A337900E049B5 /* data */ = {
			isa = PBXGroup;
			children = (
				C5EAD9CC2C1A337E00E049B5 /* entity */,
			);
			path = data;
			sourceTree = "<group>";
		};
		C5EAD9CC2C1A337E00E049B5 /* entity */ = {
			isa = PBXGroup;
			children = (
				C5EAD9C82C1A270400E049B5 /* Kategoriler.swift */,
				C5EAD9CD2C1A339000E049B5 /* Urunler.swift */,
			);
			path = entity;
			sourceTree = "<group>";
		};
		C5EAD9CF2C1A38C100E049B5 /* tableview */ = {
			isa = PBXGroup;
			children = (
				C5CF6CEA2BF00C7B00D0056C /* KategorilerHucre.swift */,
				C5EAD9D02C1A38FE00E049B5 /* UrunlerHucre.swift */,
			);
			path = tableview;
			sourceTree = "<group>";
		};
/* End PBXGroup section */

/* Begin PBXNativeTarget section */
		C5CF6CCA2BEFC2F700D0056C /* ShoppingApp */ = {
			isa = PBXNativeTarget;
			buildConfigurationList = C5CF6CDF2BEFC2F800D0056C /* Build configuration list for PBXNativeTarget "ShoppingApp" */;
			buildPhases = (
				C5CF6CC72BEFC2F700D0056C /* Sources */,
				C5CF6CC82BEFC2F700D0056C /* Frameworks */,
				C5CF6CC92BEFC2F700D0056C /* Resources */,
			);
			buildRules = (
			);
			dependencies = (
			);
			name = ShoppingApp;
			packageProductDependencies = (
				C5036EE32C190AFD0001B832 /* FirebaseAuth */,
				C5036EE52C190B050001B832 /* FirebaseStorage */,
				C5036EE72C190B0E0001B832 /* FirebaseDatabase */,
				C5036EE92C190B110001B832 /* FirebaseFirestore */,
				C5036EEB2C190B190001B832 /* FirebaseFirestoreSwift */,
				C5036EED2C190B210001B832 /* FirebaseMessaging */,
				C5036EEF2C190B270001B832 /* FirebaseFirestoreCombine-Community */,
				C5036EF12C190B300001B832 /* FirebaseStorageCombine-Community */,
				C5036EF32C190B3C0001B832 /* FirebaseAuthCombine-Community */,
			);
			productName = ShoppingApp;
			productReference = C5CF6CCB2BEFC2F700D0056C /* ShoppingApp.app */;
			productType = "com.apple.product-type.application";
		};
/* End PBXNativeTarget section */

/* Begin PBXProject section */
		C5CF6CC32BEFC2F700D0056C /* Project object */ = {
			isa = PBXProject;
			attributes = {
				BuildIndependentTargetsInParallel = 1;
				LastSwiftUpdateCheck = 1510;
				LastUpgradeCheck = 1510;
				TargetAttributes = {
					C5CF6CCA2BEFC2F700D0056C = {
						CreatedOnToolsVersion = 15.1;
					};
				};
			};
			buildConfigurationList = C5CF6CC62BEFC2F700D0056C /* Build configuration list for PBXProject "ShoppingApp" */;
			compatibilityVersion = "Xcode 14.0";
			developmentRegion = en;
			hasScannedForEncodings = 0;
			knownRegions = (
				en,
				Base,
			);
			mainGroup = C5CF6CC22BEFC2F700D0056C;
			packageReferences = (
				F9EB34ED2BFDE526000FC233 /* XCRemoteSwiftPackageReference "firebase-ios-sdk" */,
			);
			productRefGroup = C5CF6CCC2BEFC2F700D0056C /* Products */;
			projectDirPath = "";
			projectRoot = "";
			targets = (
				C5CF6CCA2BEFC2F700D0056C /* ShoppingApp */,
			);
		};
/* End PBXProject section */

/* Begin PBXResourcesBuildPhase section */
		C5CF6CC92BEFC2F700D0056C /* Resources */ = {
			isa = PBXResourcesBuildPhase;
			buildActionMask = 2147483647;
			files = (
				C5CF6CDB2BEFC2F800D0056C /* LaunchScreen.storyboard in Resources */,
				F9EB34EC2BFDDBD5000FC233 /* GoogleService-Info.plist in Resources */,
				C5CF6CD82BEFC2F800D0056C /* Assets.xcassets in Resources */,
				C5CF6CD62BEFC2F700D0056C /* Main.storyboard in Resources */,
			);
			runOnlyForDeploymentPostprocessing = 0;
		};
/* End PBXResourcesBuildPhase section */

/* Begin PBXSourcesBuildPhase section */
		C5CF6CC72BEFC2F700D0056C /* Sources */ = {
			isa = PBXSourcesBuildPhase;
			buildActionMask = 2147483647;
			files = (
				C5CF6CD32BEFC2F700D0056C /* Anasayfa.swift in Sources */,
				C5EAD9CE2C1A339000E049B5 /* Urunler.swift in Sources */,
				C5CF6CEB2BF00C7B00D0056C /* KategorilerHucre.swift in Sources */,
				C5CF6CE72BEFFE5E00D0056C /* Sepetim.swift in Sources */,
				C5EAD9D12C1A38FE00E049B5 /* UrunlerHucre.swift in Sources */,
				F9EB35032BFDF1C5000FC233 /* girisYap.swift in Sources */,
				C5CF6CE92BEFFE7800D0056C /* DetaySayfasi.swift in Sources */,
				C5EAD9D72C1A44DB00E049B5 /* Shopping.swift in Sources */,
				C5CF6CCF2BEFC2F700D0056C /* AppDelegate.swift in Sources */,
				C5CF6CE32BEFFDF200D0056C /* HesapSayfası.swift in Sources */,
				C5EAD9C92C1A270400E049B5 /* Kategoriler.swift in Sources */,
				F9EB35052BFDF2BF000FC233 /* kayitOl.swift in Sources */,
				C5CF6CD12BEFC2F700D0056C /* SceneDelegate.swift in Sources */,
			);
			runOnlyForDeploymentPostprocessing = 0;
		};
/* End PBXSourcesBuildPhase section */

/* Begin PBXVariantGroup section */
		C5CF6CD42BEFC2F700D0056C /* Main.storyboard */ = {
			isa = PBXVariantGroup;
			children = (
				C5CF6CD52BEFC2F700D0056C /* Base */,
			);
			name = Main.storyboard;
			sourceTree = "<group>";
		};
		C5CF6CD92BEFC2F800D0056C /* LaunchScreen.storyboard */ = {
			isa = PBXVariantGroup;
			children = (
				C5CF6CDA2BEFC2F800D0056C /* Base */,
			);
			name = LaunchScreen.storyboard;
			sourceTree = "<group>";
		};
/* End PBXVariantGroup section */

/* Begin XCBuildConfiguration section */
		C5CF6CDD2BEFC2F800D0056C /* Debug */ = {
			isa = XCBuildConfiguration;
			buildSettings = {
				ALWAYS_SEARCH_USER_PATHS = NO;
				ASSETCATALOG_COMPILER_GENERATE_SWIFT_ASSET_SYMBOL_EXTENSIONS = YES;
				CLANG_ANALYZER_NONNULL = YES;
				CLANG_ANALYZER_NUMBER_OBJECT_CONVERSION = YES_AGGRESSIVE;
				CLANG_CXX_LANGUAGE_STANDARD = "gnu++20";
				CLANG_ENABLE_MODULES = YES;
				CLANG_ENABLE_OBJC_ARC = YES;
				CLANG_ENABLE_OBJC_WEAK = YES;
				CLANG_WARN_BLOCK_CAPTURE_AUTORELEASING = YES;
				CLANG_WARN_BOOL_CONVERSION = YES;
				CLANG_WARN_COMMA = YES;
				CLANG_WARN_CONSTANT_CONVERSION = YES;
				CLANG_WARN_DEPRECATED_OBJC_IMPLEMENTATIONS = YES;
				CLANG_WARN_DIRECT_OBJC_ISA_USAGE = YES_ERROR;
				CLANG_WARN_DOCUMENTATION_COMMENTS = YES;
				CLANG_WARN_EMPTY_BODY = YES;
				CLANG_WARN_ENUM_CONVERSION = YES;
				CLANG_WARN_INFINITE_RECURSION = YES;
				CLANG_WARN_INT_CONVERSION = YES;
				CLANG_WARN_NON_LITERAL_NULL_CONVERSION = YES;
				CLANG_WARN_OBJC_IMPLICIT_RETAIN_SELF = YES;
				CLANG_WARN_OBJC_LITERAL_CONVERSION = YES;
				CLANG_WARN_OBJC_ROOT_CLASS = YES_ERROR;
				CLANG_WARN_QUOTED_INCLUDE_IN_FRAMEWORK_HEADER = YES;
				CLANG_WARN_RANGE_LOOP_ANALYSIS = YES;
				CLANG_WARN_STRICT_PROTOTYPES = YES;
				CLANG_WARN_SUSPICIOUS_MOVE = YES;
				CLANG_WARN_UNGUARDED_AVAILABILITY = YES_AGGRESSIVE;
				CLANG_WARN_UNREACHABLE_CODE = YES;
				CLANG_WARN__DUPLICATE_METHOD_MATCH = YES;
				COPY_PHASE_STRIP = NO;
				DEBUG_INFORMATION_FORMAT = dwarf;
				ENABLE_STRICT_OBJC_MSGSEND = YES;
				ENABLE_TESTABILITY = YES;
				ENABLE_USER_SCRIPT_SANDBOXING = YES;
				GCC_C_LANGUAGE_STANDARD = gnu17;
				GCC_DYNAMIC_NO_PIC = NO;
				GCC_NO_COMMON_BLOCKS = YES;
				GCC_OPTIMIZATION_LEVEL = 0;
				GCC_PREPROCESSOR_DEFINITIONS = (
					"DEBUG=1",
					"$(inherited)",
				);
				GCC_WARN_64_TO_32_BIT_CONVERSION = YES;
				GCC_WARN_ABOUT_RETURN_TYPE = YES_ERROR;
				GCC_WARN_UNDECLARED_SELECTOR = YES;
				GCC_WARN_UNINITIALIZED_AUTOS = YES_AGGRESSIVE;
				GCC_WARN_UNUSED_FUNCTION = YES;
				GCC_WARN_UNUSED_VARIABLE = YES;
				IPHONEOS_DEPLOYMENT_TARGET = 17.2;
				LOCALIZATION_PREFERS_STRING_CATALOGS = YES;
				MTL_ENABLE_DEBUG_INFO = INCLUDE_SOURCE;
				MTL_FAST_MATH = YES;
				ONLY_ACTIVE_ARCH = YES;
				SDKROOT = iphoneos;
				SWIFT_ACTIVE_COMPILATION_CONDITIONS = "DEBUG $(inherited)";
				SWIFT_OPTIMIZATION_LEVEL = "-Onone";
			};
			name = Debug;
		};
		C5CF6CDE2BEFC2F800D0056C /* Release */ = {
			isa = XCBuildConfiguration;
			buildSettings = {
				ALWAYS_SEARCH_USER_PATHS = NO;
				ASSETCATALOG_COMPILER_GENERATE_SWIFT_ASSET_SYMBOL_EXTENSIONS = YES;
				CLANG_ANALYZER_NONNULL = YES;
				CLANG_ANALYZER_NUMBER_OBJECT_CONVERSION = YES_AGGRESSIVE;
				CLANG_CXX_LANGUAGE_STANDARD = "gnu++20";
				CLANG_ENABLE_MODULES = YES;
				CLANG_ENABLE_OBJC_ARC = YES;
				CLANG_ENABLE_OBJC_WEAK = YES;
				CLANG_WARN_BLOCK_CAPTURE_AUTORELEASING = YES;
				CLANG_WARN_BOOL_CONVERSION = YES;
				CLANG_WARN_COMMA = YES;
				CLANG_WARN_CONSTANT_CONVERSION = YES;
				CLANG_WARN_DEPRECATED_OBJC_IMPLEMENTATIONS = YES;
				CLANG_WARN_DIRECT_OBJC_ISA_USAGE = YES_ERROR;
				CLANG_WARN_DOCUMENTATION_COMMENTS = YES;
				CLANG_WARN_EMPTY_BODY = YES;
				CLANG_WARN_ENUM_CONVERSION = YES;
				CLANG_WARN_INFINITE_RECURSION = YES;
				CLANG_WARN_INT_CONVERSION = YES;
				CLANG_WARN_NON_LITERAL_NULL_CONVERSION = YES;
				CLANG_WARN_OBJC_IMPLICIT_RETAIN_SELF = YES;
				CLANG_WARN_OBJC_LITERAL_CONVERSION = YES;
				CLANG_WARN_OBJC_ROOT_CLASS = YES_ERROR;
				CLANG_WARN_QUOTED_INCLUDE_IN_FRAMEWORK_HEADER = YES;
				CLANG_WARN_RANGE_LOOP_ANALYSIS = YES;
				CLANG_WARN_STRICT_PROTOTYPES = YES;
				CLANG_WARN_SUSPICIOUS_MOVE = YES;
				CLANG_WARN_UNGUARDED_AVAILABILITY = YES_AGGRESSIVE;
				CLANG_WARN_UNREACHABLE_CODE = YES;
				CLANG_WARN__DUPLICATE_METHOD_MATCH = YES;
				COPY_PHASE_STRIP = NO;
				DEBUG_INFORMATION_FORMAT = "dwarf-with-dsym";
				ENABLE_NS_ASSERTIONS = NO;
				ENABLE_STRICT_OBJC_MSGSEND = YES;
				ENABLE_USER_SCRIPT_SANDBOXING = YES;
				GCC_C_LANGUAGE_STANDARD = gnu17;
				GCC_NO_COMMON_BLOCKS = YES;
				GCC_WARN_64_TO_32_BIT_CONVERSION = YES;
				GCC_WARN_ABOUT_RETURN_TYPE = YES_ERROR;
				GCC_WARN_UNDECLARED_SELECTOR = YES;
				GCC_WARN_UNINITIALIZED_AUTOS = YES_AGGRESSIVE;
				GCC_WARN_UNUSED_FUNCTION = YES;
				GCC_WARN_UNUSED_VARIABLE = YES;
				IPHONEOS_DEPLOYMENT_TARGET = 17.2;
				LOCALIZATION_PREFERS_STRING_CATALOGS = YES;
				MTL_ENABLE_DEBUG_INFO = NO;
				MTL_FAST_MATH = YES;
				SDKROOT = iphoneos;
				SWIFT_COMPILATION_MODE = wholemodule;
				VALIDATE_PRODUCT = YES;
			};
			name = Release;
		};
		C5CF6CE02BEFC2F800D0056C /* Debug */ = {
			isa = XCBuildConfiguration;
			buildSettings = {
				ASSETCATALOG_COMPILER_APPICON_NAME = AppIcon;
				ASSETCATALOG_COMPILER_GLOBAL_ACCENT_COLOR_NAME = AccentColor;
				CODE_SIGN_STYLE = Automatic;
				CURRENT_PROJECT_VERSION = 1;
				DEVELOPMENT_TEAM = ZLKKWW244J;
				GENERATE_INFOPLIST_FILE = YES;
				INFOPLIST_FILE = ShoppingApp/Info.plist;
				INFOPLIST_KEY_UIApplicationSupportsIndirectInputEvents = YES;
				INFOPLIST_KEY_UILaunchStoryboardName = LaunchScreen;
				INFOPLIST_KEY_UIMainStoryboardFile = Main;
				INFOPLIST_KEY_UISupportedInterfaceOrientations_iPad = "UIInterfaceOrientationPortrait UIInterfaceOrientationPortraitUpsideDown UIInterfaceOrientationLandscapeLeft UIInterfaceOrientationLandscapeRight";
				INFOPLIST_KEY_UISupportedInterfaceOrientations_iPhone = "UIInterfaceOrientationPortrait UIInterfaceOrientationLandscapeLeft UIInterfaceOrientationLandscapeRight";
				LD_RUNPATH_SEARCH_PATHS = (
					"$(inherited)",
					"@executable_path/Frameworks",
				);
				MARKETING_VERSION = 1.0;
				PRODUCT_BUNDLE_IDENTIFIER = com.gizemnurozden.ShoppingApp;
				PRODUCT_NAME = "$(TARGET_NAME)";
				SWIFT_EMIT_LOC_STRINGS = YES;
				SWIFT_VERSION = 5.0;
				TARGETED_DEVICE_FAMILY = "1,2";
			};
			name = Debug;
		};
		C5CF6CE12BEFC2F800D0056C /* Release */ = {
			isa = XCBuildConfiguration;
			buildSettings = {
				ASSETCATALOG_COMPILER_APPICON_NAME = AppIcon;
				ASSETCATALOG_COMPILER_GLOBAL_ACCENT_COLOR_NAME = AccentColor;
				CODE_SIGN_STYLE = Automatic;
				CURRENT_PROJECT_VERSION = 1;
				DEVELOPMENT_TEAM = ZLKKWW244J;
				GENERATE_INFOPLIST_FILE = YES;
				INFOPLIST_FILE = ShoppingApp/Info.plist;
				INFOPLIST_KEY_UIApplicationSupportsIndirectInputEvents = YES;
				INFOPLIST_KEY_UILaunchStoryboardName = LaunchScreen;
				INFOPLIST_KEY_UIMainStoryboardFile = Main;
				INFOPLIST_KEY_UISupportedInterfaceOrientations_iPad = "UIInterfaceOrientationPortrait UIInterfaceOrientationPortraitUpsideDown UIInterfaceOrientationLandscapeLeft UIInterfaceOrientationLandscapeRight";
				INFOPLIST_KEY_UISupportedInterfaceOrientations_iPhone = "UIInterfaceOrientationPortrait UIInterfaceOrientationLandscapeLeft UIInterfaceOrientationLandscapeRight";
				LD_RUNPATH_SEARCH_PATHS = (
					"$(inherited)",
					"@executable_path/Frameworks",
				);
				MARKETING_VERSION = 1.0;
				PRODUCT_BUNDLE_IDENTIFIER = com.gizemnurozden.ShoppingApp;
				PRODUCT_NAME = "$(TARGET_NAME)";
				SWIFT_EMIT_LOC_STRINGS = YES;
				SWIFT_VERSION = 5.0;
				TARGETED_DEVICE_FAMILY = "1,2";
			};
			name = Release;
		};
/* End XCBuildConfiguration section */

/* Begin XCConfigurationList section */
		C5CF6CC62BEFC2F700D0056C /* Build configuration list for PBXProject "ShoppingApp" */ = {
			isa = XCConfigurationList;
			buildConfigurations = (
				C5CF6CDD2BEFC2F800D0056C /* Debug */,
				C5CF6CDE2BEFC2F800D0056C /* Release */,
			);
			defaultConfigurationIsVisible = 0;
			defaultConfigurationName = Release;
		};
		C5CF6CDF2BEFC2F800D0056C /* Build configuration list for PBXNativeTarget "ShoppingApp" */ = {
			isa = XCConfigurationList;
			buildConfigurations = (
				C5CF6CE02BEFC2F800D0056C /* Debug */,
				C5CF6CE12BEFC2F800D0056C /* Release */,
			);
			defaultConfigurationIsVisible = 0;
			defaultConfigurationName = Release;
		};
/* End XCConfigurationList section */

/* Begin XCRemoteSwiftPackageReference section */
		F9EB34ED2BFDE526000FC233 /* XCRemoteSwiftPackageReference "firebase-ios-sdk" */ = {
			isa = XCRemoteSwiftPackageReference;
			repositoryURL = "https://github.com/firebase/firebase-ios-sdk";
			requirement = {
				kind = upToNextMajorVersion;
				minimumVersion = 10.26.0;
			};
		};
/* End XCRemoteSwiftPackageReference section */

/* Begin XCSwiftPackageProductDependency section */
		C5036EE32C190AFD0001B832 /* FirebaseAuth */ = {
			isa = XCSwiftPackageProductDependency;
			package = F9EB34ED2BFDE526000FC233 /* XCRemoteSwiftPackageReference "firebase-ios-sdk" */;
			productName = FirebaseAuth;
		};
		C5036EE52C190B050001B832 /* FirebaseStorage */ = {
			isa = XCSwiftPackageProductDependency;
			package = F9EB34ED2BFDE526000FC233 /* XCRemoteSwiftPackageReference "firebase-ios-sdk" */;
			productName = FirebaseStorage;
		};
		C5036EE72C190B0E0001B832 /* FirebaseDatabase */ = {
			isa = XCSwiftPackageProductDependency;
			package = F9EB34ED2BFDE526000FC233 /* XCRemoteSwiftPackageReference "firebase-ios-sdk" */;
			productName = FirebaseDatabase;
		};
		C5036EE92C190B110001B832 /* FirebaseFirestore */ = {
			isa = XCSwiftPackageProductDependency;
			package = F9EB34ED2BFDE526000FC233 /* XCRemoteSwiftPackageReference "firebase-ios-sdk" */;
			productName = FirebaseFirestore;
		};
		C5036EEB2C190B190001B832 /* FirebaseFirestoreSwift */ = {
			isa = XCSwiftPackageProductDependency;
			package = F9EB34ED2BFDE526000FC233 /* XCRemoteSwiftPackageReference "firebase-ios-sdk" */;
			productName = FirebaseFirestoreSwift;
		};
		C5036EED2C190B210001B832 /* FirebaseMessaging */ = {
			isa = XCSwiftPackageProductDependency;
			package = F9EB34ED2BFDE526000FC233 /* XCRemoteSwiftPackageReference "firebase-ios-sdk" */;
			productName = FirebaseMessaging;
		};
		C5036EEF2C190B270001B832 /* FirebaseFirestoreCombine-Community */ = {
			isa = XCSwiftPackageProductDependency;
			package = F9EB34ED2BFDE526000FC233 /* XCRemoteSwiftPackageReference "firebase-ios-sdk" */;
			productName = "FirebaseFirestoreCombine-Community";
		};
		C5036EF12C190B300001B832 /* FirebaseStorageCombine-Community */ = {
			isa = XCSwiftPackageProductDependency;
			package = F9EB34ED2BFDE526000FC233 /* XCRemoteSwiftPackageReference "firebase-ios-sdk" */;
			productName = "FirebaseStorageCombine-Community";
		};
		C5036EF32C190B3C0001B832 /* FirebaseAuthCombine-Community */ = {
			isa = XCSwiftPackageProductDependency;
			package = F9EB34ED2BFDE526000FC233 /* XCRemoteSwiftPackageReference "firebase-ios-sdk" */;
			productName = "FirebaseAuthCombine-Community";
		};
/* End XCSwiftPackageProductDependency section */
	};
	rootObject = C5CF6CC32BEFC2F700D0056C /* Project object */;
}
